
Microsoft Visual Studio Solution File, Format Version 12.00
# Visual Studio 14
VisualStudioVersion = 14.0.25420.1
MinimumVisualStudioVersion = 10.0.40219.1
Project("{2150E333-8FDC-42A3-9474-1A3956D46DE8}") = ".nuget", ".nuget", "{42DBB597-F3FA-4C05-9BCF-51CCC081ECDE}"
	ProjectSection(SolutionItems) = preProject
		.nuget\NuGet.Config = .nuget\NuGet.Config
		.nuget\NuGet.exe = .nuget\NuGet.exe
		.nuget\NuGet.targets = .nuget\NuGet.targets
	EndProjectSection
EndProject
Project("{2150E333-8FDC-42A3-9474-1A3956D46DE8}") = ".nuspec", ".nuspec", "{C5F4AF3C-C654-4210-9A23-F74693A574EC}"
	ProjectSection(SolutionItems) = preProject
		.nuspec\RequireJsNet.nuspec = .nuspec\RequireJsNet.nuspec
		.nuspec\RequireJsNet.ResxToJs.nuspec = .nuspec\RequireJsNet.ResxToJs.nuspec
		.nuspec\RequireJsNet.Scripts.nuspec = .nuspec\RequireJsNet.Scripts.nuspec
	EndProjectSection
EndProject
Project("{2150E333-8FDC-42A3-9474-1A3956D46DE8}") = "solution", "solution", "{9D096D5F-C5C8-452B-9F87-61212BC49D00}"
	ProjectSection(SolutionItems) = preProject
		global.json = global.json
	EndProjectSection
EndProject
Project("{2150E333-8FDC-42A3-9474-1A3956D46DE8}") = "src", "src", "{40A8BE37-68B1-457F-9354-C2C4931B9F22}"
EndProject
Project("{2150E333-8FDC-42A3-9474-1A3956D46DE8}") = "tests", "tests", "{158A8B4B-846F-4CF6-AB88-549BC7A74CEC}"
EndProject
Project("{8BB2217D-0F2D-49D1-97BC-3654ED321F3B}") = "RequireJsNet", "src\RequireJsNet\RequireJsNet.xproj", "{CD445B21-DF19-4495-9B08-E16DC12A63E2}"
EndProject
Project("{8BB2217D-0F2D-49D1-97BC-3654ED321F3B}") = "RequireJsNet.Compressor", "src\RequireJsNet.Compressor\RequireJsNet.Compressor.xproj", "{B075091B-C3AD-4396-A3DB-A02CE50F2377}"
EndProject
Project("{8BB2217D-0F2D-49D1-97BC-3654ED321F3B}") = "RequireJsNet.Tests", "tests\RequireJsNet.Tests\RequireJsNet.Tests.xproj", "{C79BE51A-4F54-4350-9BE7-7FCE1F4BDC13}"
EndProject
Project("{8BB2217D-0F2D-49D1-97BC-3654ED321F3B}") = "RequireJsNet.Compressor.Demo", "src\RequireJsNet.Compressor.Demo\RequireJsNet.Compressor.Demo.xproj", "{8A9082E5-322A-41FE-9780-6D502CC98D50}"
EndProject
Project("{8BB2217D-0F2D-49D1-97BC-3654ED321F3B}") = "RequireJsNet.Compressor.ParserDemo", "src\RequireJsNet.Compressor.ParserDemo\RequireJsNet.Compressor.ParserDemo.xproj", "{1DF08523-86BA-49B2-8F9B-DEFDFB9C07FF}"
EndProject
Project("{8BB2217D-0F2D-49D1-97BC-3654ED321F3B}") = "RequireJsNet.ConfigConverter", "src\RequireJsNet.ConfigConverter\RequireJsNet.ConfigConverter.xproj", "{FFC15BD9-565B-4FF0-B8B8-6E855F7F021E}"
EndProject
Project("{8BB2217D-0F2D-49D1-97BC-3654ED321F3B}") = "RequireJsNet.Examples", "src\RequireJsNet.Examples\RequireJsNet.Examples.xproj", "{489B6D9D-29B9-47A0-8286-D555B9CC73A4}"
EndProject
Project("{8BB2217D-0F2D-49D1-97BC-3654ED321F3B}") = "RequireJsNet.ResxToJs", "src\RequireJsNet.ResxToJs\RequireJsNet.ResxToJs.xproj", "{E0C25D5B-1819-43CB-ADCE-1E2881EC8953}"
EndProject
Project("{8BB2217D-0F2D-49D1-97BC-3654ED321F3B}") = "RequireJsNet.Scripts", "src\RequireJsNet.Scripts\RequireJsNet.Scripts.xproj", "{9CF765F7-5284-48BC-8526-A855213F629B}"
EndProject
Global
	GlobalSection(SolutionConfigurationPlatforms) = preSolution
		Debug|Any CPU = Debug|Any CPU
		Release|Any CPU = Release|Any CPU
	EndGlobalSection
	GlobalSection(ProjectConfigurationPlatforms) = postSolution
		{CD445B21-DF19-4495-9B08-E16DC12A63E2}.Debug|Any CPU.ActiveCfg = Debug|Any CPU
		{CD445B21-DF19-4495-9B08-E16DC12A63E2}.Debug|Any CPU.Build.0 = Debug|Any CPU
		{CD445B21-DF19-4495-9B08-E16DC12A63E2}.Release|Any CPU.ActiveCfg = Release|Any CPU
		{CD445B21-DF19-4495-9B08-E16DC12A63E2}.Release|Any CPU.Build.0 = Release|Any CPU
		{B075091B-C3AD-4396-A3DB-A02CE50F2377}.Debug|Any CPU.ActiveCfg = Debug|Any CPU
		{B075091B-C3AD-4396-A3DB-A02CE50F2377}.Debug|Any CPU.Build.0 = Debug|Any CPU
		{B075091B-C3AD-4396-A3DB-A02CE50F2377}.Release|Any CPU.ActiveCfg = Release|Any CPU
		{B075091B-C3AD-4396-A3DB-A02CE50F2377}.Release|Any CPU.Build.0 = Release|Any CPU
		{C79BE51A-4F54-4350-9BE7-7FCE1F4BDC13}.Debug|Any CPU.ActiveCfg = Debug|Any CPU
		{C79BE51A-4F54-4350-9BE7-7FCE1F4BDC13}.Debug|Any CPU.Build.0 = Debug|Any CPU
		{C79BE51A-4F54-4350-9BE7-7FCE1F4BDC13}.Release|Any CPU.ActiveCfg = Release|Any CPU
		{C79BE51A-4F54-4350-9BE7-7FCE1F4BDC13}.Release|Any CPU.Build.0 = Release|Any CPU
		{8A9082E5-322A-41FE-9780-6D502CC98D50}.Debug|Any CPU.ActiveCfg = Debug|Any CPU
		{8A9082E5-322A-41FE-9780-6D502CC98D50}.Debug|Any CPU.Build.0 = Debug|Any CPU
		{8A9082E5-322A-41FE-9780-6D502CC98D50}.Release|Any CPU.ActiveCfg = Release|Any CPU
		{8A9082E5-322A-41FE-9780-6D502CC98D50}.Release|Any CPU.Build.0 = Release|Any CPU
		{1DF08523-86BA-49B2-8F9B-DEFDFB9C07FF}.Debug|Any CPU.ActiveCfg = Debug|Any CPU
		{1DF08523-86BA-49B2-8F9B-DEFDFB9C07FF}.Debug|Any CPU.Build.0 = Debug|Any CPU
		{1DF08523-86BA-49B2-8F9B-DEFDFB9C07FF}.Release|Any CPU.ActiveCfg = Release|Any CPU
		{1DF08523-86BA-49B2-8F9B-DEFDFB9C07FF}.Release|Any CPU.Build.0 = Release|Any CPU
		{FFC15BD9-565B-4FF0-B8B8-6E855F7F021E}.Debug|Any CPU.ActiveCfg = Debug|Any CPU
		{FFC15BD9-565B-4FF0-B8B8-6E855F7F021E}.Debug|Any CPU.Build.0 = Debug|Any CPU
		{FFC15BD9-565B-4FF0-B8B8-6E855F7F021E}.Release|Any CPU.ActiveCfg = Release|Any CPU
		{FFC15BD9-565B-4FF0-B8B8-6E855F7F021E}.Release|Any CPU.Build.0 = Release|Any CPU
		{489B6D9D-29B9-47A0-8286-D555B9CC73A4}.Debug|Any CPU.ActiveCfg = Debug|Any CPU
		{489B6D9D-29B9-47A0-8286-D555B9CC73A4}.Debug|Any CPU.Build.0 = Debug|Any CPU
		{489B6D9D-29B9-47A0-8286-D555B9CC73A4}.Release|Any CPU.ActiveCfg = Release|Any CPU
		{489B6D9D-29B9-47A0-8286-D555B9CC73A4}.Release|Any CPU.Build.0 = Release|Any CPU
		{E0C25D5B-1819-43CB-ADCE-1E2881EC8953}.Debug|Any CPU.ActiveCfg = Debug|Any CPU
		{E0C25D5B-1819-43CB-ADCE-1E2881EC8953}.Debug|Any CPU.Build.0 = Debug|Any CPU
		{E0C25D5B-1819-43CB-ADCE-1E2881EC8953}.Release|Any CPU.ActiveCfg = Release|Any CPU
		{E0C25D5B-1819-43CB-ADCE-1E2881EC8953}.Release|Any CPU.Build.0 = Release|Any CPU
		{9CF765F7-5284-48BC-8526-A855213F629B}.Debug|Any CPU.ActiveCfg = Debug|Any CPU
		{9CF765F7-5284-48BC-8526-A855213F629B}.Debug|Any CPU.Build.0 = Debug|Any CPU
		{9CF765F7-5284-48BC-8526-A855213F629B}.Release|Any CPU.ActiveCfg = Release|Any CPU
		{9CF765F7-5284-48BC-8526-A855213F629B}.Release|Any CPU.Build.0 = Release|Any CPU
	EndGlobalSection
	GlobalSection(SolutionProperties) = preSolution
		HideSolutionNode = FALSE
	EndGlobalSection
	GlobalSection(NestedProjects) = preSolution
		{CD445B21-DF19-4495-9B08-E16DC12A63E2} = {40A8BE37-68B1-457F-9354-C2C4931B9F22}
		{B075091B-C3AD-4396-A3DB-A02CE50F2377} = {40A8BE37-68B1-457F-9354-C2C4931B9F22}
		{C79BE51A-4F54-4350-9BE7-7FCE1F4BDC13} = {158A8B4B-846F-4CF6-AB88-549BC7A74CEC}
		{8A9082E5-322A-41FE-9780-6D502CC98D50} = {40A8BE37-68B1-457F-9354-C2C4931B9F22}
		{1DF08523-86BA-49B2-8F9B-DEFDFB9C07FF} = {40A8BE37-68B1-457F-9354-C2C4931B9F22}
		{FFC15BD9-565B-4FF0-B8B8-6E855F7F021E} = {40A8BE37-68B1-457F-9354-C2C4931B9F22}
		{489B6D9D-29B9-47A0-8286-D555B9CC73A4} = {40A8BE37-68B1-457F-9354-C2C4931B9F22}
		{E0C25D5B-1819-43CB-ADCE-1E2881EC8953} = {40A8BE37-68B1-457F-9354-C2C4931B9F22}
		{9CF765F7-5284-48BC-8526-A855213F629B} = {40A8BE37-68B1-457F-9354-C2C4931B9F22}
	EndGlobalSection
EndGlobal
