
Microsoft Visual Studio Solution File, Format Version 12.00
# Visual Studio 14
VisualStudioVersion = 14.0.25420.1
MinimumVisualStudioVersion = 10.0.40219.1
Project("{2150E333-8FDC-42A3-9474-1A3956D46DE8}") = "src", "src", "{6274F294-3BA7-4DEF-A88D-CE3A341689D2}"
EndProject
Project("{2150E333-8FDC-42A3-9474-1A3956D46DE8}") = "Solution Items", "Solution Items", "{55E476C5-BDC7-4EF5-80C9-3BCFB4B48712}"
	ProjectSection(SolutionItems) = preProject
		global.json = global.json
	EndProjectSection
EndProject
Project("{8BB2217D-0F2D-49D1-97BC-3654ED321F3B}") = "RequireJsNet", "RequireJsNet\RequireJsNet.xproj", "{97457016-2518-4E97-A8C3-3E54319C78B0}"
EndProject
Project("{8BB2217D-0F2D-49D1-97BC-3654ED321F3B}") = "MVC6", "MVC6\MVC6.xproj", "{74FBCD7C-C5F7-463D-BB1B-C5D0032DEBA9}"
EndProject
Project("{FAE04EC0-301F-11D3-BF4B-00C04F79EFBC}") = "RequireJsNet.Compressor", "RequireJsNet.Compressor\RequireJsNet.Compressor.csproj", "{27FBCFC2-9AD7-4042-BC47-0A61B8078264}"
EndProject
Global
	GlobalSection(SolutionConfigurationPlatforms) = preSolution
		Debug|Any CPU = Debug|Any CPU
		Release|Any CPU = Release|Any CPU
	EndGlobalSection
	GlobalSection(ProjectConfigurationPlatforms) = postSolution
		{97457016-2518-4E97-A8C3-3E54319C78B0}.Debug|Any CPU.ActiveCfg = Debug|Any CPU
		{97457016-2518-4E97-A8C3-3E54319C78B0}.Debug|Any CPU.Build.0 = Debug|Any CPU
		{97457016-2518-4E97-A8C3-3E54319C78B0}.Release|Any CPU.ActiveCfg = Release|Any CPU
		{97457016-2518-4E97-A8C3-3E54319C78B0}.Release|Any CPU.Build.0 = Release|Any CPU
		{74FBCD7C-C5F7-463D-BB1B-C5D0032DEBA9}.Debug|Any CPU.ActiveCfg = Debug|Any CPU
		{74FBCD7C-C5F7-463D-BB1B-C5D0032DEBA9}.Debug|Any CPU.Build.0 = Debug|Any CPU
		{74FBCD7C-C5F7-463D-BB1B-C5D0032DEBA9}.Release|Any CPU.ActiveCfg = Release|Any CPU
		{74FBCD7C-C5F7-463D-BB1B-C5D0032DEBA9}.Release|Any CPU.Build.0 = Release|Any CPU
		{27FBCFC2-9AD7-4042-BC47-0A61B8078264}.Debug|Any CPU.ActiveCfg = Debug|Any CPU
		{27FBCFC2-9AD7-4042-BC47-0A61B8078264}.Debug|Any CPU.Build.0 = Debug|Any CPU
		{27FBCFC2-9AD7-4042-BC47-0A61B8078264}.Release|Any CPU.ActiveCfg = Release|Any CPU
		{27FBCFC2-9AD7-4042-BC47-0A61B8078264}.Release|Any CPU.Build.0 = Release|Any CPU
	EndGlobalSection
	GlobalSection(SolutionProperties) = preSolution
		HideSolutionNode = FALSE
	EndGlobalSection
	GlobalSection(NestedProjects) = preSolution
		{97457016-2518-4E97-A8C3-3E54319C78B0} = {6274F294-3BA7-4DEF-A88D-CE3A341689D2}
		{74FBCD7C-C5F7-463D-BB1B-C5D0032DEBA9} = {6274F294-3BA7-4DEF-A88D-CE3A341689D2}
		{27FBCFC2-9AD7-4042-BC47-0A61B8078264} = {6274F294-3BA7-4DEF-A88D-CE3A341689D2}
	EndGlobalSection
EndGlobal
